
Microsoft Visual Studio Solution File, Format Version 12.00
# Visual Studio Version 17
VisualStudioVersion = 17.1.32210.238
MinimumVisualStudioVersion = 10.0.40219.1
Project("{9A19103F-16F7-4668-BE54-9A1E7A4F7556}") = "StarmaidDiscordLiveNotifier", "StarmaidDiscordLiveNotifier\StarmaidDiscordLiveNotifier.csproj", "{7CF921FB-9925-43AC-9F46-76290B24DC4C}"
EndProject
Project("{9A19103F-16F7-4668-BE54-9A1E7A4F7556}") = "StarmaidIntegrationComputer", "StarmaidIntegrationComputer\StarmaidIntegrationComputer.csproj", "{396A9CFC-BA2D-4AF5-83C3-CB007863473E}"
EndProject
Project("{2150E333-8FDC-42A3-9474-1A3956D46DE8}") = "Solution Items", "Solution Items", "{078E0D9F-13E5-413F-9457-4082B413B5F6}"
	ProjectSection(SolutionItems) = preProject
		.editorconfig = .editorconfig
		.gitignore = .gitignore
		DELETE_ME____FEATURES_ADDED_THIS_COMMIT.txt = DELETE_ME____FEATURES_ADDED_THIS_COMMIT.txt
		README.md = README.md
	EndProjectSection
EndProject
Project("{9A19103F-16F7-4668-BE54-9A1E7A4F7556}") = "StarmaidIntegrationComputer.Thalassa", "Thalassa\StarmaidIntegrationComputer.Thalassa.csproj", "{5A75DA57-1C9B-4552-A899-404C3DF722C7}"
EndProject
Project("{9A19103F-16F7-4668-BE54-9A1E7A4F7556}") = "StarmaidIntegrationComputer.Common", "StarmaidIntegrationComputer.Common\StarmaidIntegrationComputer.Common.csproj", "{815710AE-E1E0-4657-9E2F-368CA4D9B9FC}"
EndProject
Project("{FAE04EC0-301F-11D3-BF4B-00C04F79EFBC}") = "StarmaidIntegrationComputer.Tests", "StarmaidIntegrationComputer.Tests\StarmaidIntegrationComputer.Tests.csproj", "{B167E83C-A7FE-4581-B452-D47805E97072}"
EndProject
Global
	GlobalSection(SolutionConfigurationPlatforms) = preSolution
		Debug|Any CPU = Debug|Any CPU
		Release|Any CPU = Release|Any CPU
	EndGlobalSection
	GlobalSection(ProjectConfigurationPlatforms) = postSolution
		{7CF921FB-9925-43AC-9F46-76290B24DC4C}.Debug|Any CPU.ActiveCfg = Debug|Any CPU
		{7CF921FB-9925-43AC-9F46-76290B24DC4C}.Debug|Any CPU.Build.0 = Debug|Any CPU
		{7CF921FB-9925-43AC-9F46-76290B24DC4C}.Release|Any CPU.ActiveCfg = Release|Any CPU
		{7CF921FB-9925-43AC-9F46-76290B24DC4C}.Release|Any CPU.Build.0 = Release|Any CPU
		{396A9CFC-BA2D-4AF5-83C3-CB007863473E}.Debug|Any CPU.ActiveCfg = Debug|Any CPU
		{396A9CFC-BA2D-4AF5-83C3-CB007863473E}.Debug|Any CPU.Build.0 = Debug|Any CPU
		{396A9CFC-BA2D-4AF5-83C3-CB007863473E}.Release|Any CPU.ActiveCfg = Release|Any CPU
		{396A9CFC-BA2D-4AF5-83C3-CB007863473E}.Release|Any CPU.Build.0 = Release|Any CPU
		{5A75DA57-1C9B-4552-A899-404C3DF722C7}.Debug|Any CPU.ActiveCfg = Debug|Any CPU
		{5A75DA57-1C9B-4552-A899-404C3DF722C7}.Debug|Any CPU.Build.0 = Debug|Any CPU
		{5A75DA57-1C9B-4552-A899-404C3DF722C7}.Release|Any CPU.ActiveCfg = Release|Any CPU
		{5A75DA57-1C9B-4552-A899-404C3DF722C7}.Release|Any CPU.Build.0 = Release|Any CPU
		{815710AE-E1E0-4657-9E2F-368CA4D9B9FC}.Debug|Any CPU.ActiveCfg = Debug|Any CPU
		{815710AE-E1E0-4657-9E2F-368CA4D9B9FC}.Debug|Any CPU.Build.0 = Debug|Any CPU
		{815710AE-E1E0-4657-9E2F-368CA4D9B9FC}.Release|Any CPU.ActiveCfg = Release|Any CPU
		{815710AE-E1E0-4657-9E2F-368CA4D9B9FC}.Release|Any CPU.Build.0 = Release|Any CPU
		{B167E83C-A7FE-4581-B452-D47805E97072}.Debug|Any CPU.ActiveCfg = Debug|Any CPU
		{B167E83C-A7FE-4581-B452-D47805E97072}.Debug|Any CPU.Build.0 = Debug|Any CPU
		{B167E83C-A7FE-4581-B452-D47805E97072}.Release|Any CPU.ActiveCfg = Release|Any CPU
		{B167E83C-A7FE-4581-B452-D47805E97072}.Release|Any CPU.Build.0 = Release|Any CPU
	EndGlobalSection
	GlobalSection(SolutionProperties) = preSolution
		HideSolutionNode = FALSE
	EndGlobalSection
	GlobalSection(ExtensibilityGlobals) = postSolution
		SolutionGuid = {FEA2EF17-8BC7-4F3E-8FF6-CED338B7824B}
	EndGlobalSection
EndGlobal
